
Microsoft Visual Studio Solution File, Format Version 12.00
# Visual Studio 15
VisualStudioVersion = 15.0.28010.2046
MinimumVisualStudioVersion = 10.0.40219.1
Project("{FAE04EC0-301F-11D3-BF4B-00C04F79EFBC}") = "StandardCalculator", "StandardCalculator\StandardCalculator.csproj", "{62499EFF-53B9-498F-97B8-13EDA00BBC25}"
EndProject
Project("{FAE04EC0-301F-11D3-BF4B-00C04F79EFBC}") = "MyCalculater.Test", "MyCalculater.Test\MyCalculater.Test.csproj", "{8D3E2853-CF65-4C61-98AF-C3B6AC4DCC0B}"
EndProject
Global
	GlobalSection(SolutionConfigurationPlatforms) = preSolution
		Debug|Any CPU = Debug|Any CPU
		Release|Any CPU = Release|Any CPU
	EndGlobalSection
	GlobalSection(ProjectConfigurationPlatforms) = postSolution
		{62499EFF-53B9-498F-97B8-13EDA00BBC25}.Debug|Any CPU.ActiveCfg = Debug|Any CPU
		{62499EFF-53B9-498F-97B8-13EDA00BBC25}.Debug|Any CPU.Build.0 = Debug|Any CPU
		{62499EFF-53B9-498F-97B8-13EDA00BBC25}.Release|Any CPU.ActiveCfg = Release|Any CPU
		{62499EFF-53B9-498F-97B8-13EDA00BBC25}.Release|Any CPU.Build.0 = Release|Any CPU
		{8D3E2853-CF65-4C61-98AF-C3B6AC4DCC0B}.Debug|Any CPU.ActiveCfg = Debug|Any CPU
		{8D3E2853-CF65-4C61-98AF-C3B6AC4DCC0B}.Debug|Any CPU.Build.0 = Debug|Any CPU
		{8D3E2853-CF65-4C61-98AF-C3B6AC4DCC0B}.Release|Any CPU.ActiveCfg = Release|Any CPU
		{8D3E2853-CF65-4C61-98AF-C3B6AC4DCC0B}.Release|Any CPU.Build.0 = Release|Any CPU
	EndGlobalSection
	GlobalSection(SolutionProperties) = preSolution
		HideSolutionNode = FALSE
	EndGlobalSection
	GlobalSection(ExtensibilityGlobals) = postSolution
		SolutionGuid = {854BB176-5CF5-4EAC-A79C-1FD1AFD093F7}
	EndGlobalSection
EndGlobal
